// !$*UTF8*$!
{
	archiveVersion = 1;
	classes = {
	};
	objectVersion = 52;
	objects = {

/* Begin PBXBuildFile section */
		4E7A3470239E760E00284617 /* AppDelegate.swift in Sources */ = {isa = PBXBuildFile; fileRef = 4E7A346F239E760E00284617 /* AppDelegate.swift */; };
		4E7A3472239E760E00284617 /* ContentView.swift in Sources */ = {isa = PBXBuildFile; fileRef = 4E7A3471239E760E00284617 /* ContentView.swift */; };
		4E7A3474239E761200284617 /* Assets.xcassets in Resources */ = {isa = PBXBuildFile; fileRef = 4E7A3473239E761200284617 /* Assets.xcassets */; };
		4E7A3477239E761200284617 /* Preview Assets.xcassets in Resources */ = {isa = PBXBuildFile; fileRef = 4E7A3476239E761200284617 /* Preview Assets.xcassets */; };
		4E7A347A239E761200284617 /* Main.storyboard in Resources */ = {isa = PBXBuildFile; fileRef = 4E7A3478239E761200284617 /* Main.storyboard */; };
		4E7A3485239E764200284617 /* Day8 in Frameworks */ = {isa = PBXBuildFile; productRef = 4E7A3484239E764200284617 /* Day8 */; };
/* End PBXBuildFile section */

/* Begin PBXFileReference section */
		4E7A346C239E760E00284617 /* Day8-SwiftUI.app */ = {isa = PBXFileReference; explicitFileType = wrapper.application; includeInIndex = 0; path = "Day8-SwiftUI.app"; sourceTree = BUILT_PRODUCTS_DIR; };
		4E7A346F239E760E00284617 /* AppDelegate.swift */ = {isa = PBXFileReference; lastKnownFileType = sourcecode.swift; path = AppDelegate.swift; sourceTree = "<group>"; };
		4E7A3471239E760E00284617 /* ContentView.swift */ = {isa = PBXFileReference; lastKnownFileType = sourcecode.swift; path = ContentView.swift; sourceTree = "<group>"; };
		4E7A3473239E761200284617 /* Assets.xcassets */ = {isa = PBXFileReference; lastKnownFileType = folder.assetcatalog; path = Assets.xcassets; sourceTree = "<group>"; };
		4E7A3476239E761200284617 /* Preview Assets.xcassets */ = {isa = PBXFileReference; lastKnownFileType = folder.assetcatalog; path = "Preview Assets.xcassets"; sourceTree = "<group>"; };
		4E7A3479239E761200284617 /* Base */ = {isa = PBXFileReference; lastKnownFileType = file.storyboard; name = Base; path = Base.lproj/Main.storyboard; sourceTree = "<group>"; };
		4E7A347B239E761200284617 /* Info.plist */ = {isa = PBXFileReference; lastKnownFileType = text.plist.xml; path = Info.plist; sourceTree = "<group>"; };
		4E7A347C239E761200284617 /* Day8_SwiftUI.entitlements */ = {isa = PBXFileReference; lastKnownFileType = text.plist.entitlements; path = Day8_SwiftUI.entitlements; sourceTree = "<group>"; };
		4E7A3482239E762700284617 /* Day8 */ = {isa = PBXFileReference; lastKnownFileType = folder; name = Day8; path = ../../Day8; sourceTree = "<group>"; };
/* End PBXFileReference section */

/* Begin PBXFrameworksBuildPhase section */
		4E7A3469239E760E00284617 /* Frameworks */ = {
			isa = PBXFrameworksBuildPhase;
			buildActionMask = 2147483647;
			files = (
				4E7A3485239E764200284617 /* Day8 in Frameworks */,
			);
			runOnlyForDeploymentPostprocessing = 0;
		};
/* End PBXFrameworksBuildPhase section */

/* Begin PBXGroup section */
		4E7A3463239E760E00284617 = {
			isa = PBXGroup;
			children = (
				4E7A346E239E760E00284617 /* Day8-SwiftUI */,
				4E7A346D239E760E00284617 /* Products */,
				4E7A3483239E764200284617 /* Frameworks */,
			);
			sourceTree = "<group>";
		};
		4E7A346D239E760E00284617 /* Products */ = {
			isa = PBXGroup;
			children = (
				4E7A346C239E760E00284617 /* Day8-SwiftUI.app */,
			);
			name = Products;
			sourceTree = "<group>";
		};
		4E7A346E239E760E00284617 /* Day8-SwiftUI */ = {
			isa = PBXGroup;
			children = (
				4E7A3482239E762700284617 /* Day8 */,
				4E7A346F239E760E00284617 /* AppDelegate.swift */,
				4E7A3471239E760E00284617 /* ContentView.swift */,
				4E7A3473239E761200284617 /* Assets.xcassets */,
				4E7A3478239E761200284617 /* Main.storyboard */,
				4E7A347B239E761200284617 /* Info.plist */,
				4E7A347C239E761200284617 /* Day8_SwiftUI.entitlements */,
				4E7A3475239E761200284617 /* Preview Content */,
			);
			path = "Day8-SwiftUI";
			sourceTree = "<group>";
		};
		4E7A3475239E761200284617 /* Preview Content */ = {
			isa = PBXGroup;
			children = (
				4E7A3476239E761200284617 /* Preview Assets.xcassets */,
			);
			path = "Preview Content";
			sourceTree = "<group>";
		};
		4E7A3483239E764200284617 /* Frameworks */ = {
			isa = PBXGroup;
			children = (
			);
			name = Frameworks;
			sourceTree = "<group>";
		};
/* End PBXGroup section */

/* Begin PBXNativeTarget section */
		4E7A346B239E760E00284617 /* Day8-SwiftUI */ = {
			isa = PBXNativeTarget;
			buildConfigurationList = 4E7A347F239E761200284617 /* Build configuration list for PBXNativeTarget "Day8-SwiftUI" */;
			buildPhases = (
				4E7A3468239E760E00284617 /* Sources */,
				4E7A3469239E760E00284617 /* Frameworks */,
				4E7A346A239E760E00284617 /* Resources */,
			);
			buildRules = (
			);
			dependencies = (
			);
			name = "Day8-SwiftUI";
			packageProductDependencies = (
				4E7A3484239E764200284617 /* Day8 */,
			);
			productName = "Day8-SwiftUI";
			productReference = 4E7A346C239E760E00284617 /* Day8-SwiftUI.app */;
			productType = "com.apple.product-type.application";
		};
/* End PBXNativeTarget section */

/* Begin PBXProject section */
		4E7A3464239E760E00284617 /* Project object */ = {
			isa = PBXProject;
			attributes = {
				LastSwiftUpdateCheck = 1120;
				LastUpgradeCheck = 1120;
				ORGANIZATIONNAME = "Xaver Lohmüller";
				TargetAttributes = {
					4E7A346B239E760E00284617 = {
						CreatedOnToolsVersion = 11.2.1;
					};
				};
			};
			buildConfigurationList = 4E7A3467239E760E00284617 /* Build configuration list for PBXProject "Day8-SwiftUI" */;
			compatibilityVersion = "Xcode 9.3";
			developmentRegion = en;
			hasScannedForEncodings = 0;
			knownRegions = (
				en,
				Base,
			);
			mainGroup = 4E7A3463239E760E00284617;
			productRefGroup = 4E7A346D239E760E00284617 /* Products */;
			projectDirPath = "";
			projectRoot = "";
			targets = (
				4E7A346B239E760E00284617 /* Day8-SwiftUI */,
			);
		};
/* End PBXProject section */

/* Begin PBXResourcesBuildPhase section */
		4E7A346A239E760E00284617 /* Resources */ = {
			isa = PBXResourcesBuildPhase;
			buildActionMask = 2147483647;
			files = (
				4E7A347A239E761200284617 /* Main.storyboard in Resources */,
				4E7A3477239E761200284617 /* Preview Assets.xcassets in Resources */,
				4E7A3474239E761200284617 /* Assets.xcassets in Resources */,
			);
			runOnlyForDeploymentPostprocessing = 0;
		};
/* End PBXResourcesBuildPhase section */

/* Begin PBXSourcesBuildPhase section */
		4E7A3468239E760E00284617 /* Sources */ = {
			isa = PBXSourcesBuildPhase;
			buildActionMask = 2147483647;
			files = (
				4E7A3472239E760E00284617 /* ContentView.swift in Sources */,
				4E7A3470239E760E00284617 /* AppDelegate.swift in Sources */,
			);
			runOnlyForDeploymentPostprocessing = 0;
		};
/* End PBXSourcesBuildPhase section */

/* Begin PBXVariantGroup section */
		4E7A3478239E761200284617 /* Main.storyboard */ = {
			isa = PBXVariantGroup;
			children = (
				4E7A3479239E761200284617 /* Base */,
			);
			name = Main.storyboard;
			sourceTree = "<group>";
		};
/* End PBXVariantGroup section */

/* Begin XCBuildConfiguration section */
		4E7A347D239E761200284617 /* Debug */ = {
			isa = XCBuildConfiguration;
			buildSettings = {
				ALWAYS_SEARCH_USER_PATHS = NO;
				CLANG_ANALYZER_NONNULL = YES;
				CLANG_ANALYZER_NUMBER_OBJECT_CONVERSION = YES_AGGRESSIVE;
				CLANG_CXX_LANGUAGE_STANDARD = "gnu++14";
				CLANG_CXX_LIBRARY = "libc++";
				CLANG_ENABLE_MODULES = YES;
				CLANG_ENABLE_OBJC_ARC = YES;
				CLANG_ENABLE_OBJC_WEAK = YES;
				CLANG_WARN_BLOCK_CAPTURE_AUTORELEASING = YES;
				CLANG_WARN_BOOL_CONVERSION = YES;
				CLANG_WARN_COMMA = YES;
				CLANG_WARN_CONSTANT_CONVERSION = YES;
				CLANG_WARN_DEPRECATED_OBJC_IMPLEMENTATIONS = YES;
				CLANG_WARN_DIRECT_OBJC_ISA_USAGE = YES_ERROR;
				CLANG_WARN_DOCUMENTATION_COMMENTS = YES;
				CLANG_WARN_EMPTY_BODY = YES;
				CLANG_WARN_ENUM_CONVERSION = YES;
				CLANG_WARN_INFINITE_RECURSION = YES;
				CLANG_WARN_INT_CONVERSION = YES;
				CLANG_WARN_NON_LITERAL_NULL_CONVERSION = YES;
				CLANG_WARN_OBJC_IMPLICIT_RETAIN_SELF = YES;
				CLANG_WARN_OBJC_LITERAL_CONVERSION = YES;
				CLANG_WARN_OBJC_ROOT_CLASS = YES_ERROR;
				CLANG_WARN_RANGE_LOOP_ANALYSIS = YES;
				CLANG_WARN_STRICT_PROTOTYPES = YES;
				CLANG_WARN_SUSPICIOUS_MOVE = YES;
				CLANG_WARN_UNGUARDED_AVAILABILITY = YES_AGGRESSIVE;
				CLANG_WARN_UNREACHABLE_CODE = YES;
				CLANG_WARN__DUPLICATE_METHOD_MATCH = YES;
				COPY_PHASE_STRIP = NO;
				DEBUG_INFORMATION_FORMAT = dwarf;
				ENABLE_STRICT_OBJC_MSGSEND = YES;
				ENABLE_TESTABILITY = YES;
				GCC_C_LANGUAGE_STANDARD = gnu11;
				GCC_DYNAMIC_NO_PIC = NO;
				GCC_NO_COMMON_BLOCKS = YES;
				GCC_OPTIMIZATION_LEVEL = 0;
				GCC_PREPROCESSOR_DEFINITIONS = (
					"DEBUG=1",
					"$(inherited)",
				);
				GCC_WARN_64_TO_32_BIT_CONVERSION = YES;
				GCC_WARN_ABOUT_RETURN_TYPE = YES_ERROR;
				GCC_WARN_UNDECLARED_SELECTOR = YES;
				GCC_WARN_UNINITIALIZED_AUTOS = YES_AGGRESSIVE;
				GCC_WARN_UNUSED_FUNCTION = YES;
				GCC_WARN_UNUSED_VARIABLE = YES;
				MACOSX_DEPLOYMENT_TARGET = 10.15;
				MTL_ENABLE_DEBUG_INFO = INCLUDE_SOURCE;
				MTL_FAST_MATH = YES;
				ONLY_ACTIVE_ARCH = YES;
				SDKROOT = macosx;
				SWIFT_ACTIVE_COMPILATION_CONDITIONS = DEBUG;
				SWIFT_OPTIMIZATION_LEVEL = "-Onone";
			};
			name = Debug;
		};
		4E7A347E239E761200284617 /* Release */ = {
			isa = XCBuildConfiguration;
			buildSettings = {
				ALWAYS_SEARCH_USER_PATHS = NO;
				CLANG_ANALYZER_NONNULL = YES;
				CLANG_ANALYZER_NUMBER_OBJECT_CONVERSION = YES_AGGRESSIVE;
				CLANG_CXX_LANGUAGE_STANDARD = "gnu++14";
				CLANG_CXX_LIBRARY = "libc++";
				CLANG_ENABLE_MODULES = YES;
				CLANG_ENABLE_OBJC_ARC = YES;
				CLANG_ENABLE_OBJC_WEAK = YES;
				CLANG_WARN_BLOCK_CAPTURE_AUTORELEASING = YES;
				CLANG_WARN_BOOL_CONVERSION = YES;
				CLANG_WARN_COMMA = YES;
				CLANG_WARN_CONSTANT_CONVERSION = YES;
				CLANG_WARN_DEPRECATED_OBJC_IMPLEMENTATIONS = YES;
				CLANG_WARN_DIRECT_OBJC_ISA_USAGE = YES_ERROR;
				CLANG_WARN_DOCUMENTATION_COMMENTS = YES;
				CLANG_WARN_EMPTY_BODY = YES;
				CLANG_WARN_ENUM_CONVERSION = YES;
				CLANG_WARN_INFINITE_RECURSION = YES;
				CLANG_WARN_INT_CONVERSION = YES;
				CLANG_WARN_NON_LITERAL_NULL_CONVERSION = YES;
				CLANG_WARN_OBJC_IMPLICIT_RETAIN_SELF = YES;
				CLANG_WARN_OBJC_LITERAL_CONVERSION = YES;
				CLANG_WARN_OBJC_ROOT_CLASS = YES_ERROR;
				CLANG_WARN_RANGE_LOOP_ANALYSIS = YES;
				CLANG_WARN_STRICT_PROTOTYPES = YES;
				CLANG_WARN_SUSPICIOUS_MOVE = YES;
				CLANG_WARN_UNGUARDED_AVAILABILITY = YES_AGGRESSIVE;
				CLANG_WARN_UNREACHABLE_CODE = YES;
				CLANG_WARN__DUPLICATE_METHOD_MATCH = YES;
				COPY_PHASE_STRIP = NO;
				DEBUG_INFORMATION_FORMAT = "dwarf-with-dsym";
				ENABLE_NS_ASSERTIONS = NO;
				ENABLE_STRICT_OBJC_MSGSEND = YES;
				GCC_C_LANGUAGE_STANDARD = gnu11;
				GCC_NO_COMMON_BLOCKS = YES;
				GCC_WARN_64_TO_32_BIT_CONVERSION = YES;
				GCC_WARN_ABOUT_RETURN_TYPE = YES_ERROR;
				GCC_WARN_UNDECLARED_SELECTOR = YES;
				GCC_WARN_UNINITIALIZED_AUTOS = YES_AGGRESSIVE;
				GCC_WARN_UNUSED_FUNCTION = YES;
				GCC_WARN_UNUSED_VARIABLE = YES;
				MACOSX_DEPLOYMENT_TARGET = 10.15;
				MTL_ENABLE_DEBUG_INFO = NO;
				MTL_FAST_MATH = YES;
				SDKROOT = macosx;
				SWIFT_COMPILATION_MODE = wholemodule;
				SWIFT_OPTIMIZATION_LEVEL = "-O";
			};
			name = Release;
		};
		4E7A3480239E761200284617 /* Debug */ = {
			isa = XCBuildConfiguration;
			buildSettings = {
				ASSETCATALOG_COMPILER_APPICON_NAME = AppIcon;
				CODE_SIGN_ENTITLEMENTS = "Day8-SwiftUI/Day8_SwiftUI.entitlements";
				CODE_SIGN_STYLE = Automatic;
				COMBINE_HIDPI_IMAGES = YES;
				DEVELOPMENT_ASSET_PATHS = "\"Day8-SwiftUI/Preview Content\"";
				DEVELOPMENT_TEAM = FCNMCC2Y82;
				ENABLE_HARDENED_RUNTIME = YES;
				ENABLE_PREVIEWS = YES;
				INFOPLIST_FILE = "Day8-SwiftUI/Info.plist";
				LD_RUNPATH_SEARCH_PATHS = (
					"$(inherited)",
					"@executable_path/../Frameworks",
				);
				MACOSX_DEPLOYMENT_TARGET = 10.15;
				PRODUCT_BUNDLE_IDENTIFIER = "de.adorsys.Day8-SwiftUI";
				PRODUCT_NAME = "$(TARGET_NAME)";
				SWIFT_VERSION = 5.0;
			};
			name = Debug;
		};
		4E7A3481239E761200284617 /* Release */ = {
			isa = XCBuildConfiguration;
			buildSettings = {
				ASSETCATALOG_COMPILER_APPICON_NAME = AppIcon;
				CODE_SIGN_ENTITLEMENTS = "Day8-SwiftUI/Day8_SwiftUI.entitlements";
				CODE_SIGN_STYLE = Automatic;
				COMBINE_HIDPI_IMAGES = YES;
				DEVELOPMENT_ASSET_PATHS = "\"Day8-SwiftUI/Preview Content\"";
				DEVELOPMENT_TEAM = FCNMCC2Y82;
				ENABLE_HARDENED_RUNTIME = YES;
				ENABLE_PREVIEWS = YES;
				INFOPLIST_FILE = "Day8-SwiftUI/Info.plist";
				LD_RUNPATH_SEARCH_PATHS = (
					"$(inherited)",
					"@executable_path/../Frameworks",
				);
				MACOSX_DEPLOYMENT_TARGET = 10.15;
				PRODUCT_BUNDLE_IDENTIFIER = "de.adorsys.Day8-SwiftUI";
				PRODUCT_NAME = "$(TARGET_NAME)";
				SWIFT_VERSION = 5.0;
			};
			name = Release;
		};
/* End XCBuildConfiguration section */

/* Begin XCConfigurationList section */
		4E7A3467239E760E00284617 /* Build configuration list for PBXProject "Day8-SwiftUI" */ = {
			isa = XCConfigurationList;
			buildConfigurations = (
				4E7A347D239E761200284617 /* Debug */,
				4E7A347E239E761200284617 /* Release */,
			);
			defaultConfigurationIsVisible = 0;
			defaultConfigurationName = Release;
		};
		4E7A347F239E761200284617 /* Build configuration list for PBXNativeTarget "Day8-SwiftUI" */ = {
			isa = XCConfigurationList;
			buildConfigurations = (
				4E7A3480239E761200284617 /* Debug */,
				4E7A3481239E761200284617 /* Release */,
			);
			defaultConfigurationIsVisible = 0;
			defaultConfigurationName = Release;
		};
/* End XCConfigurationList section */

/* Begin XCSwiftPackageProductDependency section */
		4E7A3484239E764200284617 /* Day8 */ = {
			isa = XCSwiftPackageProductDependency;
			productName = Day8;
		};
/* End XCSwiftPackageProductDependency section */
	};
	rootObject = 4E7A3464239E760E00284617 /* Project object */;
}
